{
  "requires": true,
  "lockfileVersion": 1,
  "dependencies": {
    "emitter-component": {
      "version": "1.1.1",
      "resolved": "https://registry.npmjs.org/emitter-component/-/emitter-component-1.1.1.tgz",
      "integrity": "sha512-G+mpdiAySMuB7kesVRLuyvYRqDmshB7ReKEVuyBPkzQlmiDiLrt7hHHIy4Aff552bgknVN7B2/d3lzhGO5dvpQ=="
    },
    "stream": {
      "version": "0.0.2",
      "resolved": "https://registry.npmjs.org/stream/-/stream-0.0.2.tgz",
      "integrity": "sha512-gCq3NDI2P35B2n6t76YJuOp7d6cN/C7Rt0577l91wllh0sY9ZBuw9KaSGqH/b0hzn3CWWJbpbW0W0WvQ1H/Q7g==",
      "requires": {
        "emitter-component": "^1.1.1"
      }
    },
    "web": {
      "version": "0.0.2",
      "resolved": "https://registry.npmjs.org/web/-/web-0.0.2.tgz",
      "integrity": "sha512-DDf86rBor7Hn4uRgXbCxcOKyP8aiokvkd648k/xjKUO4hQSLvupfDC3dHCBXQ4lJFxYW62/CEWpSINbSQRr57A=="
    }
  }
}
